// !$*UTF8*$!
{
	archiveVersion = 1;
	classes = {
	};
	objectVersion = 48;
	objects = {

/* Begin PBXBuildFile section */
		771420CEAD299D300D099D48 /* Pods_RM39917.framework in Frameworks */ = {isa = PBXBuildFile; fileRef = 7E09AD00DC2A1B1AFD6D136B /* Pods_RM39917.framework */; };
		AC141B871FCB3798000E8307 /* AppDelegate.swift in Sources */ = {isa = PBXBuildFile; fileRef = AC141B861FCB3798000E8307 /* AppDelegate.swift */; };
		AC141B891FCB3798000E8307 /* ViewController.swift in Sources */ = {isa = PBXBuildFile; fileRef = AC141B881FCB3798000E8307 /* ViewController.swift */; };
		AC141B8C1FCB3798000E8307 /* Main.storyboard in Resources */ = {isa = PBXBuildFile; fileRef = AC141B8A1FCB3798000E8307 /* Main.storyboard */; };
		AC141B8E1FCB3798000E8307 /* Assets.xcassets in Resources */ = {isa = PBXBuildFile; fileRef = AC141B8D1FCB3798000E8307 /* Assets.xcassets */; };
		AC141B911FCB3798000E8307 /* LaunchScreen.storyboard in Resources */ = {isa = PBXBuildFile; fileRef = AC141B8F1FCB3798000E8307 /* LaunchScreen.storyboard */; };
		AC141B991FCB3953000E8307 /* BeersTableViewController.swift in Sources */ = {isa = PBXBuildFile; fileRef = AC141B981FCB3953000E8307 /* BeersTableViewController.swift */; };
		AC141B9B1FCB3B19000E8307 /* Beer.swift in Sources */ = {isa = PBXBuildFile; fileRef = AC141B9A1FCB3B19000E8307 /* Beer.swift */; };
		AC141B9D1FCB4066000E8307 /* REST.swift in Sources */ = {isa = PBXBuildFile; fileRef = AC141B9C1FCB4066000E8307 /* REST.swift */; };
		AC141B9F1FCB475F000E8307 /* BeerTableViewCell.swift in Sources */ = {isa = PBXBuildFile; fileRef = AC141B9E1FCB475F000E8307 /* BeerTableViewCell.swift */; };
		AC141BA31FCB5D20000E8307 /* BeerViewController.swift in Sources */ = {isa = PBXBuildFile; fileRef = AC141BA21FCB5D20000E8307 /* BeerViewController.swift */; };
/* End PBXBuildFile section */

/* Begin PBXFileReference section */
		7E09AD00DC2A1B1AFD6D136B /* Pods_RM39917.framework */ = {isa = PBXFileReference; explicitFileType = wrapper.framework; includeInIndex = 0; path = Pods_RM39917.framework; sourceTree = BUILT_PRODUCTS_DIR; };
		823E69AFA4BB90143B2D376C /* Pods-RM39917.debug.xcconfig */ = {isa = PBXFileReference; includeInIndex = 1; lastKnownFileType = text.xcconfig; name = "Pods-RM39917.debug.xcconfig"; path = "Pods/Target Support Files/Pods-RM39917/Pods-RM39917.debug.xcconfig"; sourceTree = "<group>"; };
		AC141B831FCB3798000E8307 /* PUNKBeers.app */ = {isa = PBXFileReference; explicitFileType = wrapper.application; includeInIndex = 0; path = PUNKBeers.app; sourceTree = BUILT_PRODUCTS_DIR; };
		AC141B861FCB3798000E8307 /* AppDelegate.swift */ = {isa = PBXFileReference; lastKnownFileType = sourcecode.swift; path = AppDelegate.swift; sourceTree = "<group>"; };
		AC141B881FCB3798000E8307 /* ViewController.swift */ = {isa = PBXFileReference; lastKnownFileType = sourcecode.swift; path = ViewController.swift; sourceTree = "<group>"; };
		AC141B8B1FCB3798000E8307 /* Base */ = {isa = PBXFileReference; lastKnownFileType = file.storyboard; name = Base; path = Base.lproj/Main.storyboard; sourceTree = "<group>"; };
		AC141B8D1FCB3798000E8307 /* Assets.xcassets */ = {isa = PBXFileReference; lastKnownFileType = folder.assetcatalog; path = Assets.xcassets; sourceTree = "<group>"; };
		AC141B901FCB3798000E8307 /* Base */ = {isa = PBXFileReference; lastKnownFileType = file.storyboard; name = Base; path = Base.lproj/LaunchScreen.storyboard; sourceTree = "<group>"; };
		AC141B921FCB3798000E8307 /* Info.plist */ = {isa = PBXFileReference; lastKnownFileType = text.plist.xml; path = Info.plist; sourceTree = "<group>"; };
		AC141B981FCB3953000E8307 /* BeersTableViewController.swift */ = {isa = PBXFileReference; lastKnownFileType = sourcecode.swift; path = BeersTableViewController.swift; sourceTree = "<group>"; };
		AC141B9A1FCB3B19000E8307 /* Beer.swift */ = {isa = PBXFileReference; lastKnownFileType = sourcecode.swift; path = Beer.swift; sourceTree = "<group>"; };
		AC141B9C1FCB4066000E8307 /* REST.swift */ = {isa = PBXFileReference; lastKnownFileType = sourcecode.swift; path = REST.swift; sourceTree = "<group>"; };
		AC141B9E1FCB475F000E8307 /* BeerTableViewCell.swift */ = {isa = PBXFileReference; lastKnownFileType = sourcecode.swift; path = BeerTableViewCell.swift; sourceTree = "<group>"; };
		AC141BA21FCB5D20000E8307 /* BeerViewController.swift */ = {isa = PBXFileReference; lastKnownFileType = sourcecode.swift; path = BeerViewController.swift; sourceTree = "<group>"; };
		CF3028372AF932A7D7AFE8B3 /* Pods-RM39917.release.xcconfig */ = {isa = PBXFileReference; includeInIndex = 1; lastKnownFileType = text.xcconfig; name = "Pods-RM39917.release.xcconfig"; path = "Pods/Target Support Files/Pods-RM39917/Pods-RM39917.release.xcconfig"; sourceTree = "<group>"; };
/* End PBXFileReference section */

/* Begin PBXFrameworksBuildPhase section */
		AC141B801FCB3798000E8307 /* Frameworks */ = {
			isa = PBXFrameworksBuildPhase;
			buildActionMask = 2147483647;
			files = (
				771420CEAD299D300D099D48 /* Pods_RM39917.framework in Frameworks */,
			);
			runOnlyForDeploymentPostprocessing = 0;
		};
/* End PBXFrameworksBuildPhase section */

/* Begin PBXGroup section */
		6EA8716DA277C1B2243E2AC5 /* Frameworks */ = {
			isa = PBXGroup;
			children = (
				7E09AD00DC2A1B1AFD6D136B /* Pods_RM39917.framework */,
			);
			name = Frameworks;
			sourceTree = "<group>";
		};
		AC141B7A1FCB3797000E8307 = {
			isa = PBXGroup;
			children = (
				AC141B851FCB3798000E8307 /* RM39917 */,
				AC141B841FCB3798000E8307 /* Products */,
				F2284F2780C9B4451C7BD2DA /* Pods */,
				6EA8716DA277C1B2243E2AC5 /* Frameworks */,
			);
			sourceTree = "<group>";
		};
		AC141B841FCB3798000E8307 /* Products */ = {
			isa = PBXGroup;
			children = (
				AC141B831FCB3798000E8307 /* PUNKBeers.app */,
			);
			name = Products;
			sourceTree = "<group>";
		};
		AC141B851FCB3798000E8307 /* RM39917 */ = {
			isa = PBXGroup;
			children = (
				AC141B861FCB3798000E8307 /* AppDelegate.swift */,
				AC141B881FCB3798000E8307 /* ViewController.swift */,
				AC141B8A1FCB3798000E8307 /* Main.storyboard */,
				AC141B8D1FCB3798000E8307 /* Assets.xcassets */,
				AC141B8F1FCB3798000E8307 /* LaunchScreen.storyboard */,
				AC141B921FCB3798000E8307 /* Info.plist */,
				AC141BA11FCB47C5000E8307 /* Beer */,
			);
			path = RM39917;
			sourceTree = "<group>";
		};
		AC141BA11FCB47C5000E8307 /* Beer */ = {
			isa = PBXGroup;
			children = (
				AC141BA21FCB5D20000E8307 /* BeerViewController.swift */,
				AC141B981FCB3953000E8307 /* BeersTableViewController.swift */,
				AC141B9A1FCB3B19000E8307 /* Beer.swift */,
				AC141B9C1FCB4066000E8307 /* REST.swift */,
				AC141B9E1FCB475F000E8307 /* BeerTableViewCell.swift */,
			);
			path = Beer;
			sourceTree = "<group>";
		};
		F2284F2780C9B4451C7BD2DA /* Pods */ = {
			isa = PBXGroup;
			children = (
				823E69AFA4BB90143B2D376C /* Pods-RM39917.debug.xcconfig */,
				CF3028372AF932A7D7AFE8B3 /* Pods-RM39917.release.xcconfig */,
			);
			name = Pods;
			sourceTree = "<group>";
		};
/* End PBXGroup section */

/* Begin PBXNativeTarget section */
		AC141B821FCB3798000E8307 /* RM39917 */ = {
			isa = PBXNativeTarget;
			buildConfigurationList = AC141B951FCB3798000E8307 /* Build configuration list for PBXNativeTarget "RM39917" */;
			buildPhases = (
				7859EAC41D80A420DDD4233B /* [CP] Check Pods Manifest.lock */,
				AC141B7F1FCB3798000E8307 /* Sources */,
				AC141B801FCB3798000E8307 /* Frameworks */,
				AC141B811FCB3798000E8307 /* Resources */,
				C74E2FFD3D3875A36440D0A8 /* [CP] Embed Pods Frameworks */,
				F5A5B83D08CA8E15FAB67E31 /* [CP] Copy Pods Resources */,
			);
			buildRules = (
			);
			dependencies = (
			);
			name = RM39917;
			productName = RM39917;
			productReference = AC141B831FCB3798000E8307 /* PUNKBeers.app */;
			productType = "com.apple.product-type.application";
		};
/* End PBXNativeTarget section */

/* Begin PBXProject section */
		AC141B7B1FCB3797000E8307 /* Project object */ = {
			isa = PBXProject;
			attributes = {
				LastSwiftUpdateCheck = 0910;
				LastUpgradeCheck = 0910;
				ORGANIZATIONNAME = 39917;
				TargetAttributes = {
					AC141B821FCB3798000E8307 = {
						CreatedOnToolsVersion = 9.1;
						ProvisioningStyle = Automatic;
					};
				};
			};
			buildConfigurationList = AC141B7E1FCB3797000E8307 /* Build configuration list for PBXProject "RM39917" */;
			compatibilityVersion = "Xcode 8.0";
			developmentRegion = en;
			hasScannedForEncodings = 0;
			knownRegions = (
				en,
				Base,
			);
			mainGroup = AC141B7A1FCB3797000E8307;
			productRefGroup = AC141B841FCB3798000E8307 /* Products */;
			projectDirPath = "";
			projectRoot = "";
			targets = (
				AC141B821FCB3798000E8307 /* RM39917 */,
			);
		};
/* End PBXProject section */

/* Begin PBXResourcesBuildPhase section */
		AC141B811FCB3798000E8307 /* Resources */ = {
			isa = PBXResourcesBuildPhase;
			buildActionMask = 2147483647;
			files = (
				AC141B911FCB3798000E8307 /* LaunchScreen.storyboard in Resources */,
				AC141B8E1FCB3798000E8307 /* Assets.xcassets in Resources */,
				AC141B8C1FCB3798000E8307 /* Main.storyboard in Resources */,
			);
			runOnlyForDeploymentPostprocessing = 0;
		};
/* End PBXResourcesBuildPhase section */

/* Begin PBXShellScriptBuildPhase section */
		7859EAC41D80A420DDD4233B /* [CP] Check Pods Manifest.lock */ = {
			isa = PBXShellScriptBuildPhase;
			buildActionMask = 2147483647;
			files = (
			);
			inputPaths = (
				"${PODS_PODFILE_DIR_PATH}/Podfile.lock",
				"${PODS_ROOT}/Manifest.lock",
			);
			name = "[CP] Check Pods Manifest.lock";
			outputPaths = (
				"$(DERIVED_FILE_DIR)/Pods-RM39917-checkManifestLockResult.txt",
			);
			runOnlyForDeploymentPostprocessing = 0;
			shellPath = /bin/sh;
			shellScript = "diff \"${PODS_PODFILE_DIR_PATH}/Podfile.lock\" \"${PODS_ROOT}/Manifest.lock\" > /dev/null\nif [ $? != 0 ] ; then\n    # print error to STDERR\n    echo \"error: The sandbox is not in sync with the Podfile.lock. Run 'pod install' or update your CocoaPods installation.\" >&2\n    exit 1\nfi\n# This output is used by Xcode 'outputs' to avoid re-running this script phase.\necho \"SUCCESS\" > \"${SCRIPT_OUTPUT_FILE_0}\"\n";
			showEnvVarsInLog = 0;
		};
		C74E2FFD3D3875A36440D0A8 /* [CP] Embed Pods Frameworks */ = {
			isa = PBXShellScriptBuildPhase;
			buildActionMask = 2147483647;
			files = (
			);
			inputPaths = (
				"${SRCROOT}/Pods/Target Support Files/Pods-RM39917/Pods-RM39917-frameworks.sh",
				"${BUILT_PRODUCTS_DIR}/Kingfisher/Kingfisher.framework",
			);
			name = "[CP] Embed Pods Frameworks";
			outputPaths = (
				"${TARGET_BUILD_DIR}/${FRAMEWORKS_FOLDER_PATH}/Kingfisher.framework",
			);
			runOnlyForDeploymentPostprocessing = 0;
			shellPath = /bin/sh;
			shellScript = "\"${SRCROOT}/Pods/Target Support Files/Pods-RM39917/Pods-RM39917-frameworks.sh\"\n";
			showEnvVarsInLog = 0;
		};
		F5A5B83D08CA8E15FAB67E31 /* [CP] Copy Pods Resources */ = {
			isa = PBXShellScriptBuildPhase;
			buildActionMask = 2147483647;
			files = (
			);
			inputPaths = (
			);
			name = "[CP] Copy Pods Resources";
			outputPaths = (
			);
			runOnlyForDeploymentPostprocessing = 0;
			shellPath = /bin/sh;
			shellScript = "\"${SRCROOT}/Pods/Target Support Files/Pods-RM39917/Pods-RM39917-resources.sh\"\n";
			showEnvVarsInLog = 0;
		};
/* End PBXShellScriptBuildPhase section */

/* Begin PBXSourcesBuildPhase section */
		AC141B7F1FCB3798000E8307 /* Sources */ = {
			isa = PBXSourcesBuildPhase;
			buildActionMask = 2147483647;
			files = (
				AC141B891FCB3798000E8307 /* ViewController.swift in Sources */,
				AC141B9F1FCB475F000E8307 /* BeerTableViewCell.swift in Sources */,
				AC141BA31FCB5D20000E8307 /* BeerViewController.swift in Sources */,
				AC141B991FCB3953000E8307 /* BeersTableViewController.swift in Sources */,
				AC141B871FCB3798000E8307 /* AppDelegate.swift in Sources */,
				AC141B9D1FCB4066000E8307 /* REST.swift in Sources */,
				AC141B9B1FCB3B19000E8307 /* Beer.swift in Sources */,
			);
			runOnlyForDeploymentPostprocessing = 0;
		};
/* End PBXSourcesBuildPhase section */

/* Begin PBXVariantGroup section */
		AC141B8A1FCB3798000E8307 /* Main.storyboard */ = {
			isa = PBXVariantGroup;
			children = (
				AC141B8B1FCB3798000E8307 /* Base */,
			);
			name = Main.storyboard;
			sourceTree = "<group>";
		};
		AC141B8F1FCB3798000E8307 /* LaunchScreen.storyboard */ = {
			isa = PBXVariantGroup;
			children = (
				AC141B901FCB3798000E8307 /* Base */,
			);
			name = LaunchScreen.storyboard;
			sourceTree = "<group>";
		};
/* End PBXVariantGroup section */

/* Begin XCBuildConfiguration section */
		AC141B931FCB3798000E8307 /* Debug */ = {
			isa = XCBuildConfiguration;
			buildSettings = {
				ALWAYS_SEARCH_USER_PATHS = NO;
				CLANG_ANALYZER_NONNULL = YES;
				CLANG_ANALYZER_NUMBER_OBJECT_CONVERSION = YES_AGGRESSIVE;
				CLANG_CXX_LANGUAGE_STANDARD = "gnu++14";
				CLANG_CXX_LIBRARY = "libc++";
				CLANG_ENABLE_MODULES = YES;
				CLANG_ENABLE_OBJC_ARC = YES;
				CLANG_WARN_BLOCK_CAPTURE_AUTORELEASING = YES;
				CLANG_WARN_BOOL_CONVERSION = YES;
				CLANG_WARN_COMMA = YES;
				CLANG_WARN_CONSTANT_CONVERSION = YES;
				CLANG_WARN_DIRECT_OBJC_ISA_USAGE = YES_ERROR;
				CLANG_WARN_DOCUMENTATION_COMMENTS = YES;
				CLANG_WARN_EMPTY_BODY = YES;
				CLANG_WARN_ENUM_CONVERSION = YES;
				CLANG_WARN_INFINITE_RECURSION = YES;
				CLANG_WARN_INT_CONVERSION = YES;
				CLANG_WARN_NON_LITERAL_NULL_CONVERSION = YES;
				CLANG_WARN_OBJC_LITERAL_CONVERSION = YES;
				CLANG_WARN_OBJC_ROOT_CLASS = YES_ERROR;
				CLANG_WARN_RANGE_LOOP_ANALYSIS = YES;
				CLANG_WARN_STRICT_PROTOTYPES = YES;
				CLANG_WARN_SUSPICIOUS_MOVE = YES;
				CLANG_WARN_UNGUARDED_AVAILABILITY = YES_AGGRESSIVE;
				CLANG_WARN_UNREACHABLE_CODE = YES;
				CLANG_WARN__DUPLICATE_METHOD_MATCH = YES;
				CODE_SIGN_IDENTITY = "iPhone Developer";
				COPY_PHASE_STRIP = NO;
				DEBUG_INFORMATION_FORMAT = dwarf;
				ENABLE_STRICT_OBJC_MSGSEND = YES;
				ENABLE_TESTABILITY = YES;
				GCC_C_LANGUAGE_STANDARD = gnu11;
				GCC_DYNAMIC_NO_PIC = NO;
				GCC_NO_COMMON_BLOCKS = YES;
				GCC_OPTIMIZATION_LEVEL = 0;
				GCC_PREPROCESSOR_DEFINITIONS = (
					"DEBUG=1",
					"$(inherited)",
				);
				GCC_WARN_64_TO_32_BIT_CONVERSION = YES;
				GCC_WARN_ABOUT_RETURN_TYPE = YES_ERROR;
				GCC_WARN_UNDECLARED_SELECTOR = YES;
				GCC_WARN_UNINITIALIZED_AUTOS = YES_AGGRESSIVE;
				GCC_WARN_UNUSED_FUNCTION = YES;
				GCC_WARN_UNUSED_VARIABLE = YES;
				IPHONEOS_DEPLOYMENT_TARGET = 11.1;
				MTL_ENABLE_DEBUG_INFO = YES;
				ONLY_ACTIVE_ARCH = YES;
				SDKROOT = iphoneos;
				SWIFT_ACTIVE_COMPILATION_CONDITIONS = DEBUG;
				SWIFT_OPTIMIZATION_LEVEL = "-Onone";
			};
			name = Debug;
		};
		AC141B941FCB3798000E8307 /* Release */ = {
			isa = XCBuildConfiguration;
			buildSettings = {
				ALWAYS_SEARCH_USER_PATHS = NO;
				CLANG_ANALYZER_NONNULL = YES;
				CLANG_ANALYZER_NUMBER_OBJECT_CONVERSION = YES_AGGRESSIVE;
				CLANG_CXX_LANGUAGE_STANDARD = "gnu++14";
				CLANG_CXX_LIBRARY = "libc++";
				CLANG_ENABLE_MODULES = YES;
				CLANG_ENABLE_OBJC_ARC = YES;
				CLANG_WARN_BLOCK_CAPTURE_AUTORELEASING = YES;
				CLANG_WARN_BOOL_CONVERSION = YES;
				CLANG_WARN_COMMA = YES;
				CLANG_WARN_CONSTANT_CONVERSION = YES;
				CLANG_WARN_DIRECT_OBJC_ISA_USAGE = YES_ERROR;
				CLANG_WARN_DOCUMENTATION_COMMENTS = YES;
				CLANG_WARN_EMPTY_BODY = YES;
				CLANG_WARN_ENUM_CONVERSION = YES;
				CLANG_WARN_INFINITE_RECURSION = YES;
				CLANG_WARN_INT_CONVERSION = YES;
				CLANG_WARN_NON_LITERAL_NULL_CONVERSION = YES;
				CLANG_WARN_OBJC_LITERAL_CONVERSION = YES;
				CLANG_WARN_OBJC_ROOT_CLASS = YES_ERROR;
				CLANG_WARN_RANGE_LOOP_ANALYSIS = YES;
				CLANG_WARN_STRICT_PROTOTYPES = YES;
				CLANG_WARN_SUSPICIOUS_MOVE = YES;
				CLANG_WARN_UNGUARDED_AVAILABILITY = YES_AGGRESSIVE;
				CLANG_WARN_UNREACHABLE_CODE = YES;
				CLANG_WARN__DUPLICATE_METHOD_MATCH = YES;
				CODE_SIGN_IDENTITY = "iPhone Developer";
				COPY_PHASE_STRIP = NO;
				DEBUG_INFORMATION_FORMAT = "dwarf-with-dsym";
				ENABLE_NS_ASSERTIONS = NO;
				ENABLE_STRICT_OBJC_MSGSEND = YES;
				GCC_C_LANGUAGE_STANDARD = gnu11;
				GCC_NO_COMMON_BLOCKS = YES;
				GCC_WARN_64_TO_32_BIT_CONVERSION = YES;
				GCC_WARN_ABOUT_RETURN_TYPE = YES_ERROR;
				GCC_WARN_UNDECLARED_SELECTOR = YES;
				GCC_WARN_UNINITIALIZED_AUTOS = YES_AGGRESSIVE;
				GCC_WARN_UNUSED_FUNCTION = YES;
				GCC_WARN_UNUSED_VARIABLE = YES;
				IPHONEOS_DEPLOYMENT_TARGET = 11.1;
				MTL_ENABLE_DEBUG_INFO = NO;
				SDKROOT = iphoneos;
				SWIFT_OPTIMIZATION_LEVEL = "-Owholemodule";
				VALIDATE_PRODUCT = YES;
			};
			name = Release;
		};
		AC141B961FCB3798000E8307 /* Debug */ = {
			isa = XCBuildConfiguration;
			baseConfigurationReference = 823E69AFA4BB90143B2D376C /* Pods-RM39917.debug.xcconfig */;
			buildSettings = {
				ASSETCATALOG_COMPILER_APPICON_NAME = AppIcon;
				CODE_SIGN_STYLE = Automatic;
				INFOPLIST_FILE = RM39917/Info.plist;
				LD_RUNPATH_SEARCH_PATHS = "$(inherited) @executable_path/Frameworks";
				PRODUCT_BUNDLE_IDENTIFIER = br.com.RM39917;
				PRODUCT_NAME = PUNKBeers;
				SWIFT_VERSION = 4.0;
				TARGETED_DEVICE_FAMILY = "1,2";
			};
			name = Debug;
		};
		AC141B971FCB3798000E8307 /* Release */ = {
			isa = XCBuildConfiguration;
			baseConfigurationReference = CF3028372AF932A7D7AFE8B3 /* Pods-RM39917.release.xcconfig */;
			buildSettings = {
				ASSETCATALOG_COMPILER_APPICON_NAME = AppIcon;
				CODE_SIGN_STYLE = Automatic;
				INFOPLIST_FILE = RM39917/Info.plist;
				LD_RUNPATH_SEARCH_PATHS = "$(inherited) @executable_path/Frameworks";
				PRODUCT_BUNDLE_IDENTIFIER = br.com.RM39917;
				PRODUCT_NAME = PUNKBeers;
				SWIFT_VERSION = 4.0;
				TARGETED_DEVICE_FAMILY = "1,2";
			};
			name = Release;
		};
/* End XCBuildConfiguration section */

/* Begin XCConfigurationList section */
		AC141B7E1FCB3797000E8307 /* Build configuration list for PBXProject "RM39917" */ = {
			isa = XCConfigurationList;
			buildConfigurations = (
				AC141B931FCB3798000E8307 /* Debug */,
				AC141B941FCB3798000E8307 /* Release */,
			);
			defaultConfigurationIsVisible = 0;
			defaultConfigurationName = Release;
		};
		AC141B951FCB3798000E8307 /* Build configuration list for PBXNativeTarget "RM39917" */ = {
			isa = XCConfigurationList;
			buildConfigurations = (
				AC141B961FCB3798000E8307 /* Debug */,
				AC141B971FCB3798000E8307 /* Release */,
			);
			defaultConfigurationIsVisible = 0;
			defaultConfigurationName = Release;
		};
/* End XCConfigurationList section */
	};
	rootObject = AC141B7B1FCB3797000E8307 /* Project object */;
}
